
Microsoft Visual Studio Solution File, Format Version 12.00
# Visual Studio Version 16
VisualStudioVersion = 16.0.29911.84
MinimumVisualStudioVersion = 10.0.40219.1
Project("{FAE04EC0-301F-11D3-BF4B-00C04F79EFBC}") = "DotNetWebApp", "DotNetWebApp.csproj", "{568384EE-DC16-4999-9F67-4A0D4BF413F8}"
EndProject
Global
	GlobalSection(SolutionConfigurationPlatforms) = preSolution
		Debug|Any CPU = Debug|Any CPU
		Release|Any CPU = Release|Any CPU
	EndGlobalSection
	GlobalSection(ProjectConfigurationPlatforms) = postSolution
		{568384EE-DC16-4999-9F67-4A0D4BF413F8}.Debug|Any CPU.ActiveCfg = Debug|Any CPU
		{568384EE-DC16-4999-9F67-4A0D4BF413F8}.Debug|Any CPU.Build.0 = Debug|Any CPU
		{568384EE-DC16-4999-9F67-4A0D4BF413F8}.Release|Any CPU.ActiveCfg = Release|Any CPU
		{568384EE-DC16-4999-9F67-4A0D4BF413F8}.Release|Any CPU.Build.0 = Release|Any CPU
	EndGlobalSection
	GlobalSection(SolutionProperties) = preSolution
		HideSolutionNode = FALSE
	EndGlobalSection
	GlobalSection(ExtensibilityGlobals) = postSolution
		SolutionGuid = {D1BA4CBF-2867-4601-AB68-BBFF6C394EBE}
	EndGlobalSection
EndGlobal
